version = 1
revision = 3
requires-python = ">=3.11"

[options]
exclude-newer = "2025-04-09T00:00:00Z"

[[package]]
name = "certifi"
version = "2025.1.31"
source = { registry = "https://pypi.org/simple" }
sdist = { url = "https://files.pythonhosted.org/packages/1c/ab/c9f1e32b7b1bf505bf26f0ef697775960db7932abeb7b516de930ba2705f/certifi-2025.1.31.tar.gz", hash = "sha256:3d5da6925056f6f18f119200434a4780a94263f10d1c21d032a6f6b2baa20651", size = 167577, upload-time = "2025-01-31T02:16:47.166Z" }
wheels = [
    { url = "https://files.pythonhosted.org/packages/38/fc/bce832fd4fd99766c04d1ee0eead6b0ec6486fb100ae5e74c1d91292b982/certifi-2025.1.31-py3-none-any.whl", hash = "sha256:ca78db4565a652026a4db2bcdf68f2fb589ea80d0be70e03929ed730746b84fe", size = 166393, upload-time = "2025-01-31T02:16:45.015Z" },
]

[[package]]
name = "howoldisthisjob"
version = "0.1.0"
source = { editable = "." }
dependencies = [
    { name = "sentry-sdk" },
]

[package.metadata]
requires-dist = [{ name = "sentry-sdk", specifier = ">=2.17" }]

[[package]]
name = "sentry-sdk"
version = "2.25.1"
source = { registry = "https://pypi.org/simple" }
dependencies = [
    { name = "certifi" },
    { name = "urllib3" },
]
sdist = { url = "https://files.pythonhosted.org/packages/85/2f/a0f732270cc7c1834f5ec45539aec87c360d5483a8bd788217a9102ccfbd/sentry_sdk-2.25.1.tar.gz", hash = "sha256:f9041b7054a7cf12d41eadabe6458ce7c6d6eea7a97cfe1b760b6692e9562cf0", size = 322190, upload-time = "2025-04-02T15:13:10.225Z" }
wheels = [
    { url = "https://files.pythonhosted.org/packages/96/b6/84049ab0967affbc7cc7590d86ae0170c1b494edb69df8786707100420e5/sentry_sdk-2.25.1-py2.py3-none-any.whl", hash = "sha256:60b016d0772789454dc55a284a6a44212044d4a16d9f8448725effee97aaf7f6", size = 339851, upload-time = "2025-04-02T15:13:08.616Z" },
]

[[package]]
name = "urllib3"
version = "2.3.0"
source = { registry = "https://pypi.org/simple" }
sdist = { url = "https://files.pythonhosted.org/packages/aa/63/e53da845320b757bf29ef6a9062f5c669fe997973f966045cb019c3f4b66/urllib3-2.3.0.tar.gz", hash = "sha256:f8c5449b3cf0861679ce7e0503c7b44b5ec981bec0d1d3795a07f1ba96f0204d", size = 307268, upload-time = "2024-12-22T07:47:30.032Z" }
wheels = [
    { url = "https://files.pythonhosted.org/packages/c8/19/4ec628951a74043532ca2cf5d97b7b14863931476d117c471e8e2b1eb39f/urllib3-2.3.0-py3-none-any.whl", hash = "sha256:1cee9ad369867bfdbbb48b7dd50374c0967a0bb7710050facf0dd6911440e3df", size = 128369, upload-time = "2024-12-22T07:47:28.074Z" },
]
